
Microsoft Visual Studio Solution File, Format Version 12.00
# Visual Studio Version 17
VisualStudioVersion = 17.9.34616.47
MinimumVisualStudioVersion = 10.0.40219.1
Project("{FAE04EC0-301F-11D3-BF4B-00C04F79EFBC}") = "lab10", "lab10.csproj", "{E88A425A-71C0-4804-8139-371FFC37BE24}"
EndProject
Global
	GlobalSection(SolutionConfigurationPlatforms) = preSolution
		Debug|Any CPU = Debug|Any CPU
		Release|Any CPU = Release|Any CPU
	EndGlobalSection
	GlobalSection(ProjectConfigurationPlatforms) = postSolution
		{E88A425A-71C0-4804-8139-371FFC37BE24}.Debug|Any CPU.ActiveCfg = Debug|Any CPU
		{E88A425A-71C0-4804-8139-371FFC37BE24}.Debug|Any CPU.Build.0 = Debug|Any CPU
		{E88A425A-71C0-4804-8139-371FFC37BE24}.Release|Any CPU.ActiveCfg = Release|Any CPU
		{E88A425A-71C0-4804-8139-371FFC37BE24}.Release|Any CPU.Build.0 = Release|Any CPU
	EndGlobalSection
	GlobalSection(SolutionProperties) = preSolution
		HideSolutionNode = FALSE
	EndGlobalSection
	GlobalSection(ExtensibilityGlobals) = postSolution
		SolutionGuid = {FEB436FF-D772-4391-8405-D2D25FE53E15}
	EndGlobalSection
EndGlobal
