
Microsoft Visual Studio Solution File, Format Version 12.00
# Visual Studio Version 17
VisualStudioVersion = 17.9.34616.47
MinimumVisualStudioVersion = 10.0.40219.1
Project("{FAE04EC0-301F-11D3-BF4B-00C04F79EFBC}") = "labmidQ3", "labmidQ3\labmidQ3.csproj", "{BC4E21EC-851E-474B-AD97-31F1394156CC}"
EndProject
Global
	GlobalSection(SolutionConfigurationPlatforms) = preSolution
		Debug|Any CPU = Debug|Any CPU
		Release|Any CPU = Release|Any CPU
	EndGlobalSection
	GlobalSection(ProjectConfigurationPlatforms) = postSolution
		{BC4E21EC-851E-474B-AD97-31F1394156CC}.Debug|Any CPU.ActiveCfg = Debug|Any CPU
		{BC4E21EC-851E-474B-AD97-31F1394156CC}.Debug|Any CPU.Build.0 = Debug|Any CPU
		{BC4E21EC-851E-474B-AD97-31F1394156CC}.Release|Any CPU.ActiveCfg = Release|Any CPU
		{BC4E21EC-851E-474B-AD97-31F1394156CC}.Release|Any CPU.Build.0 = Release|Any CPU
	EndGlobalSection
	GlobalSection(SolutionProperties) = preSolution
		HideSolutionNode = FALSE
	EndGlobalSection
	GlobalSection(ExtensibilityGlobals) = postSolution
		SolutionGuid = {283F6D7E-D1B8-4526-92BC-9C4A4B4332F6}
	EndGlobalSection
EndGlobal
